// !$*UTF8*$!
{
	archiveVersion = 1;
	classes = {
	};
	objectVersion = 50;
	objects = {

/* Begin PBXBuildFile section */
		CB5A2D872BFEC476008A750A /* MyTableViewCell.swift in Sources */ = {isa = PBXBuildFile; fileRef = CB5A2D862BFEC476008A750A /* MyTableViewCell.swift */; };
		CB5A2D892BFEE5B8008A750A /* CurrentViewController.swift in Sources */ = {isa = PBXBuildFile; fileRef = CB5A2D882BFEE5B8008A750A /* CurrentViewController.swift */; };
		CB5A8B792BFE1B70006CB847 /* WeekViewController.swift in Sources */ = {isa = PBXBuildFile; fileRef = CB5A8B782BFE1B70006CB847 /* WeekViewController.swift */; };
		CB5A8B7B2BFE1BC5006CB847 /* WeatherModel.swift in Sources */ = {isa = PBXBuildFile; fileRef = CB5A8B7A2BFE1BC5006CB847 /* WeatherModel.swift */; };
		CB5DF0442C0CA02900F2EB7D /* WeatherCollectionViewCell.swift in Sources */ = {isa = PBXBuildFile; fileRef = CB5DF0432C0CA02900F2EB7D /* WeatherCollectionViewCell.swift */; };
		CB8D405F2BD6317900046A89 /* AppDelegate.swift in Sources */ = {isa = PBXBuildFile; fileRef = CB8D405E2BD6317900046A89 /* AppDelegate.swift */; };
		CB8D40612BD6317900046A89 /* SceneDelegate.swift in Sources */ = {isa = PBXBuildFile; fileRef = CB8D40602BD6317900046A89 /* SceneDelegate.swift */; };
		CB8D40662BD6317900046A89 /* Main.storyboard in Resources */ = {isa = PBXBuildFile; fileRef = CB8D40642BD6317900046A89 /* Main.storyboard */; };
		CB8D40682BD6317F00046A89 /* Assets.xcassets in Resources */ = {isa = PBXBuildFile; fileRef = CB8D40672BD6317F00046A89 /* Assets.xcassets */; };
		CB8D406B2BD6317F00046A89 /* LaunchScreen.storyboard in Resources */ = {isa = PBXBuildFile; fileRef = CB8D40692BD6317F00046A89 /* LaunchScreen.storyboard */; };
/* End PBXBuildFile section */

/* Begin PBXFileReference section */
		CB5A2D862BFEC476008A750A /* MyTableViewCell.swift */ = {isa = PBXFileReference; lastKnownFileType = sourcecode.swift; path = MyTableViewCell.swift; sourceTree = "<group>"; };
		CB5A2D882BFEE5B8008A750A /* CurrentViewController.swift */ = {isa = PBXFileReference; lastKnownFileType = sourcecode.swift; path = CurrentViewController.swift; sourceTree = "<group>"; };
		CB5A8B782BFE1B70006CB847 /* WeekViewController.swift */ = {isa = PBXFileReference; lastKnownFileType = sourcecode.swift; path = WeekViewController.swift; sourceTree = "<group>"; };
		CB5A8B7A2BFE1BC5006CB847 /* WeatherModel.swift */ = {isa = PBXFileReference; lastKnownFileType = sourcecode.swift; path = WeatherModel.swift; sourceTree = "<group>"; };
		CB5DF0432C0CA02900F2EB7D /* WeatherCollectionViewCell.swift */ = {isa = PBXFileReference; lastKnownFileType = sourcecode.swift; path = WeatherCollectionViewCell.swift; sourceTree = "<group>"; };
		CB8D405B2BD6317900046A89 /* Ex.app */ = {isa = PBXFileReference; explicitFileType = wrapper.application; includeInIndex = 0; path = Ex.app; sourceTree = BUILT_PRODUCTS_DIR; };
		CB8D405E2BD6317900046A89 /* AppDelegate.swift */ = {isa = PBXFileReference; lastKnownFileType = sourcecode.swift; path = AppDelegate.swift; sourceTree = "<group>"; };
		CB8D40602BD6317900046A89 /* SceneDelegate.swift */ = {isa = PBXFileReference; lastKnownFileType = sourcecode.swift; path = SceneDelegate.swift; sourceTree = "<group>"; };
		CB8D40652BD6317900046A89 /* Base */ = {isa = PBXFileReference; lastKnownFileType = file.storyboard; name = Base; path = Base.lproj/Main.storyboard; sourceTree = "<group>"; };
		CB8D40672BD6317F00046A89 /* Assets.xcassets */ = {isa = PBXFileReference; lastKnownFileType = folder.assetcatalog; path = Assets.xcassets; sourceTree = "<group>"; };
		CB8D406A2BD6317F00046A89 /* Base */ = {isa = PBXFileReference; lastKnownFileType = file.storyboard; name = Base; path = Base.lproj/LaunchScreen.storyboard; sourceTree = "<group>"; };
		CB8D406C2BD6317F00046A89 /* Info.plist */ = {isa = PBXFileReference; lastKnownFileType = text.plist.xml; path = Info.plist; sourceTree = "<group>"; };
/* End PBXFileReference section */

/* Begin PBXFrameworksBuildPhase section */
		CB8D40582BD6317900046A89 /* Frameworks */ = {
			isa = PBXFrameworksBuildPhase;
			buildActionMask = 2147483647;
			files = (
			);
			runOnlyForDeploymentPostprocessing = 0;
		};
/* End PBXFrameworksBuildPhase section */

/* Begin PBXGroup section */
		CB8D40522BD6317900046A89 = {
			isa = PBXGroup;
			children = (
				CB8D405D2BD6317900046A89 /* Ex */,
				CB8D405C2BD6317900046A89 /* Products */,
			);
			sourceTree = "<group>";
		};
		CB8D405C2BD6317900046A89 /* Products */ = {
			isa = PBXGroup;
			children = (
				CB8D405B2BD6317900046A89 /* Ex.app */,
			);
			name = Products;
			sourceTree = "<group>";
		};
		CB8D405D2BD6317900046A89 /* Ex */ = {
			isa = PBXGroup;
			children = (
				CB8D405E2BD6317900046A89 /* AppDelegate.swift */,
				CB8D40602BD6317900046A89 /* SceneDelegate.swift */,
				CB8D40642BD6317900046A89 /* Main.storyboard */,
				CB5A2D882BFEE5B8008A750A /* CurrentViewController.swift */,
				CB5A2D862BFEC476008A750A /* MyTableViewCell.swift */,
				CB5DF0432C0CA02900F2EB7D /* WeatherCollectionViewCell.swift */,
				CB5A8B782BFE1B70006CB847 /* WeekViewController.swift */,
				CB8D40672BD6317F00046A89 /* Assets.xcassets */,
				CB5A8B7A2BFE1BC5006CB847 /* WeatherModel.swift */,
				CB8D40692BD6317F00046A89 /* LaunchScreen.storyboard */,
				CB8D406C2BD6317F00046A89 /* Info.plist */,
			);
			path = Ex;
			sourceTree = "<group>";
		};
/* End PBXGroup section */

/* Begin PBXNativeTarget section */
		CB8D405A2BD6317900046A89 /* Ex */ = {
			isa = PBXNativeTarget;
			buildConfigurationList = CB8D406F2BD6317F00046A89 /* Build configuration list for PBXNativeTarget "Ex" */;
			buildPhases = (
				CB8D40572BD6317900046A89 /* Sources */,
				CB8D40582BD6317900046A89 /* Frameworks */,
				CB8D40592BD6317900046A89 /* Resources */,
			);
			buildRules = (
			);
			dependencies = (
			);
			name = Ex;
			productName = Ex;
			productReference = CB8D405B2BD6317900046A89 /* Ex.app */;
			productType = "com.apple.product-type.application";
		};
/* End PBXNativeTarget section */

/* Begin PBXProject section */
		CB8D40532BD6317900046A89 /* Project object */ = {
			isa = PBXProject;
			attributes = {
				LastSwiftUpdateCheck = 1250;
				LastUpgradeCheck = 1250;
				TargetAttributes = {
					CB8D405A2BD6317900046A89 = {
						CreatedOnToolsVersion = 12.5;
					};
				};
			};
			buildConfigurationList = CB8D40562BD6317900046A89 /* Build configuration list for PBXProject "Ex" */;
			compatibilityVersion = "Xcode 9.3";
			developmentRegion = en;
			hasScannedForEncodings = 0;
			knownRegions = (
				en,
				Base,
			);
			mainGroup = CB8D40522BD6317900046A89;
			productRefGroup = CB8D405C2BD6317900046A89 /* Products */;
			projectDirPath = "";
			projectRoot = "";
			targets = (
				CB8D405A2BD6317900046A89 /* Ex */,
			);
		};
/* End PBXProject section */

/* Begin PBXResourcesBuildPhase section */
		CB8D40592BD6317900046A89 /* Resources */ = {
			isa = PBXResourcesBuildPhase;
			buildActionMask = 2147483647;
			files = (
				CB8D406B2BD6317F00046A89 /* LaunchScreen.storyboard in Resources */,
				CB8D40682BD6317F00046A89 /* Assets.xcassets in Resources */,
				CB8D40662BD6317900046A89 /* Main.storyboard in Resources */,
			);
			runOnlyForDeploymentPostprocessing = 0;
		};
/* End PBXResourcesBuildPhase section */

/* Begin PBXSourcesBuildPhase section */
		CB8D40572BD6317900046A89 /* Sources */ = {
			isa = PBXSourcesBuildPhase;
			buildActionMask = 2147483647;
			files = (
				CB8D405F2BD6317900046A89 /* AppDelegate.swift in Sources */,
				CB5DF0442C0CA02900F2EB7D /* WeatherCollectionViewCell.swift in Sources */,
				CB5A8B792BFE1B70006CB847 /* WeekViewController.swift in Sources */,
				CB5A8B7B2BFE1BC5006CB847 /* WeatherModel.swift in Sources */,
				CB8D40612BD6317900046A89 /* SceneDelegate.swift in Sources */,
				CB5A2D892BFEE5B8008A750A /* CurrentViewController.swift in Sources */,
				CB5A2D872BFEC476008A750A /* MyTableViewCell.swift in Sources */,
			);
			runOnlyForDeploymentPostprocessing = 0;
		};
/* End PBXSourcesBuildPhase section */

/* Begin PBXVariantGroup section */
		CB8D40642BD6317900046A89 /* Main.storyboard */ = {
			isa = PBXVariantGroup;
			children = (
				CB8D40652BD6317900046A89 /* Base */,
			);
			name = Main.storyboard;
			sourceTree = "<group>";
		};
		CB8D40692BD6317F00046A89 /* LaunchScreen.storyboard */ = {
			isa = PBXVariantGroup;
			children = (
				CB8D406A2BD6317F00046A89 /* Base */,
			);
			name = LaunchScreen.storyboard;
			sourceTree = "<group>";
		};
/* End PBXVariantGroup section */

/* Begin XCBuildConfiguration section */
		CB8D406D2BD6317F00046A89 /* Debug */ = {
			isa = XCBuildConfiguration;
			buildSettings = {
				ALWAYS_SEARCH_USER_PATHS = NO;
				CLANG_ANALYZER_NONNULL = YES;
				CLANG_ANALYZER_NUMBER_OBJECT_CONVERSION = YES_AGGRESSIVE;
				CLANG_CXX_LANGUAGE_STANDARD = "gnu++14";
				CLANG_CXX_LIBRARY = "libc++";
				CLANG_ENABLE_MODULES = YES;
				CLANG_ENABLE_OBJC_ARC = YES;
				CLANG_ENABLE_OBJC_WEAK = YES;
				CLANG_WARN_BLOCK_CAPTURE_AUTORELEASING = YES;
				CLANG_WARN_BOOL_CONVERSION = YES;
				CLANG_WARN_COMMA = YES;
				CLANG_WARN_CONSTANT_CONVERSION = YES;
				CLANG_WARN_DEPRECATED_OBJC_IMPLEMENTATIONS = YES;
				CLANG_WARN_DIRECT_OBJC_ISA_USAGE = YES_ERROR;
				CLANG_WARN_DOCUMENTATION_COMMENTS = YES;
				CLANG_WARN_EMPTY_BODY = YES;
				CLANG_WARN_ENUM_CONVERSION = YES;
				CLANG_WARN_INFINITE_RECURSION = YES;
				CLANG_WARN_INT_CONVERSION = YES;
				CLANG_WARN_NON_LITERAL_NULL_CONVERSION = YES;
				CLANG_WARN_OBJC_IMPLICIT_RETAIN_SELF = YES;
				CLANG_WARN_OBJC_LITERAL_CONVERSION = YES;
				CLANG_WARN_OBJC_ROOT_CLASS = YES_ERROR;
				CLANG_WARN_QUOTED_INCLUDE_IN_FRAMEWORK_HEADER = YES;
				CLANG_WARN_RANGE_LOOP_ANALYSIS = YES;
				CLANG_WARN_STRICT_PROTOTYPES = YES;
				CLANG_WARN_SUSPICIOUS_MOVE = YES;
				CLANG_WARN_UNGUARDED_AVAILABILITY = YES_AGGRESSIVE;
				CLANG_WARN_UNREACHABLE_CODE = YES;
				CLANG_WARN__DUPLICATE_METHOD_MATCH = YES;
				COPY_PHASE_STRIP = NO;
				DEBUG_INFORMATION_FORMAT = dwarf;
				ENABLE_STRICT_OBJC_MSGSEND = YES;
				ENABLE_TESTABILITY = YES;
				GCC_C_LANGUAGE_STANDARD = gnu11;
				GCC_DYNAMIC_NO_PIC = NO;
				GCC_NO_COMMON_BLOCKS = YES;
				GCC_OPTIMIZATION_LEVEL = 0;
				GCC_PREPROCESSOR_DEFINITIONS = (
					"DEBUG=1",
					"$(inherited)",
				);
				GCC_WARN_64_TO_32_BIT_CONVERSION = YES;
				GCC_WARN_ABOUT_RETURN_TYPE = YES_ERROR;
				GCC_WARN_UNDECLARED_SELECTOR = YES;
				GCC_WARN_UNINITIALIZED_AUTOS = YES_AGGRESSIVE;
				GCC_WARN_UNUSED_FUNCTION = YES;
				GCC_WARN_UNUSED_VARIABLE = YES;
				IPHONEOS_DEPLOYMENT_TARGET = 14.5;
				MTL_ENABLE_DEBUG_INFO = INCLUDE_SOURCE;
				MTL_FAST_MATH = YES;
				ONLY_ACTIVE_ARCH = YES;
				SDKROOT = iphoneos;
				SWIFT_ACTIVE_COMPILATION_CONDITIONS = DEBUG;
				SWIFT_OPTIMIZATION_LEVEL = "-Onone";
			};
			name = Debug;
		};
		CB8D406E2BD6317F00046A89 /* Release */ = {
			isa = XCBuildConfiguration;
			buildSettings = {
				ALWAYS_SEARCH_USER_PATHS = NO;
				CLANG_ANALYZER_NONNULL = YES;
				CLANG_ANALYZER_NUMBER_OBJECT_CONVERSION = YES_AGGRESSIVE;
				CLANG_CXX_LANGUAGE_STANDARD = "gnu++14";
				CLANG_CXX_LIBRARY = "libc++";
				CLANG_ENABLE_MODULES = YES;
				CLANG_ENABLE_OBJC_ARC = YES;
				CLANG_ENABLE_OBJC_WEAK = YES;
				CLANG_WARN_BLOCK_CAPTURE_AUTORELEASING = YES;
				CLANG_WARN_BOOL_CONVERSION = YES;
				CLANG_WARN_COMMA = YES;
				CLANG_WARN_CONSTANT_CONVERSION = YES;
				CLANG_WARN_DEPRECATED_OBJC_IMPLEMENTATIONS = YES;
				CLANG_WARN_DIRECT_OBJC_ISA_USAGE = YES_ERROR;
				CLANG_WARN_DOCUMENTATION_COMMENTS = YES;
				CLANG_WARN_EMPTY_BODY = YES;
				CLANG_WARN_ENUM_CONVERSION = YES;
				CLANG_WARN_INFINITE_RECURSION = YES;
				CLANG_WARN_INT_CONVERSION = YES;
				CLANG_WARN_NON_LITERAL_NULL_CONVERSION = YES;
				CLANG_WARN_OBJC_IMPLICIT_RETAIN_SELF = YES;
				CLANG_WARN_OBJC_LITERAL_CONVERSION = YES;
				CLANG_WARN_OBJC_ROOT_CLASS = YES_ERROR;
				CLANG_WARN_QUOTED_INCLUDE_IN_FRAMEWORK_HEADER = YES;
				CLANG_WARN_RANGE_LOOP_ANALYSIS = YES;
				CLANG_WARN_STRICT_PROTOTYPES = YES;
				CLANG_WARN_SUSPICIOUS_MOVE = YES;
				CLANG_WARN_UNGUARDED_AVAILABILITY = YES_AGGRESSIVE;
				CLANG_WARN_UNREACHABLE_CODE = YES;
				CLANG_WARN__DUPLICATE_METHOD_MATCH = YES;
				COPY_PHASE_STRIP = NO;
				DEBUG_INFORMATION_FORMAT = "dwarf-with-dsym";
				ENABLE_NS_ASSERTIONS = NO;
				ENABLE_STRICT_OBJC_MSGSEND = YES;
				GCC_C_LANGUAGE_STANDARD = gnu11;
				GCC_NO_COMMON_BLOCKS = YES;
				GCC_WARN_64_TO_32_BIT_CONVERSION = YES;
				GCC_WARN_ABOUT_RETURN_TYPE = YES_ERROR;
				GCC_WARN_UNDECLARED_SELECTOR = YES;
				GCC_WARN_UNINITIALIZED_AUTOS = YES_AGGRESSIVE;
				GCC_WARN_UNUSED_FUNCTION = YES;
				GCC_WARN_UNUSED_VARIABLE = YES;
				IPHONEOS_DEPLOYMENT_TARGET = 14.5;
				MTL_ENABLE_DEBUG_INFO = NO;
				MTL_FAST_MATH = YES;
				SDKROOT = iphoneos;
				SWIFT_COMPILATION_MODE = wholemodule;
				SWIFT_OPTIMIZATION_LEVEL = "-O";
				VALIDATE_PRODUCT = YES;
			};
			name = Release;
		};
		CB8D40702BD6317F00046A89 /* Debug */ = {
			isa = XCBuildConfiguration;
			buildSettings = {
				ASSETCATALOG_COMPILER_APPICON_NAME = AppIcon;
				ASSETCATALOG_COMPILER_GLOBAL_ACCENT_COLOR_NAME = AccentColor;
				CODE_SIGN_STYLE = Automatic;
				INFOPLIST_FILE = Ex/Info.plist;
				LD_RUNPATH_SEARCH_PATHS = (
					"$(inherited)",
					"@executable_path/Frameworks",
				);
				PRODUCT_BUNDLE_IDENTIFIER = hansung.Ex;
				PRODUCT_NAME = "$(TARGET_NAME)";
				SWIFT_VERSION = 5.0;
				TARGETED_DEVICE_FAMILY = "1,2";
			};
			name = Debug;
		};
		CB8D40712BD6317F00046A89 /* Release */ = {
			isa = XCBuildConfiguration;
			buildSettings = {
				ASSETCATALOG_COMPILER_APPICON_NAME = AppIcon;
				ASSETCATALOG_COMPILER_GLOBAL_ACCENT_COLOR_NAME = AccentColor;
				CODE_SIGN_STYLE = Automatic;
				INFOPLIST_FILE = Ex/Info.plist;
				LD_RUNPATH_SEARCH_PATHS = (
					"$(inherited)",
					"@executable_path/Frameworks",
				);
				PRODUCT_BUNDLE_IDENTIFIER = hansung.Ex;
				PRODUCT_NAME = "$(TARGET_NAME)";
				SWIFT_VERSION = 5.0;
				TARGETED_DEVICE_FAMILY = "1,2";
			};
			name = Release;
		};
/* End XCBuildConfiguration section */

/* Begin XCConfigurationList section */
		CB8D40562BD6317900046A89 /* Build configuration list for PBXProject "Ex" */ = {
			isa = XCConfigurationList;
			buildConfigurations = (
				CB8D406D2BD6317F00046A89 /* Debug */,
				CB8D406E2BD6317F00046A89 /* Release */,
			);
			defaultConfigurationIsVisible = 0;
			defaultConfigurationName = Release;
		};
		CB8D406F2BD6317F00046A89 /* Build configuration list for PBXNativeTarget "Ex" */ = {
			isa = XCConfigurationList;
			buildConfigurations = (
				CB8D40702BD6317F00046A89 /* Debug */,
				CB8D40712BD6317F00046A89 /* Release */,
			);
			defaultConfigurationIsVisible = 0;
			defaultConfigurationName = Release;
		};
/* End XCConfigurationList section */
	};
	rootObject = CB8D40532BD6317900046A89 /* Project object */;
}
